// !$*UTF8*$!
{
	archiveVersion = 1;
	classes = {
	};
	objectVersion = 56;
	objects = {

/* Begin PBXBuildFile section */
		49150E2E30331CF1002F2FD7 /* ColorGradientsView.swift in Sources */ = {isa = PBXBuildFile; fileRef = 49150E2D30331CF1002F2FD7 /* ColorGradientsView.swift */; };
		4920C48C302CB22500C82A55 /* TextView.swift in Sources */ = {isa = PBXBuildFile; fileRef = 4920C48B302CB22500C82A55 /* TextView.swift */; };
		4920C48E3032E4B900C82A55 /* ShapeView.swift in Sources */ = {isa = PBXBuildFile; fileRef = 4920C48D3032E4B900C82A55 /* ShapeView.swift */; };
		496EE2C430338C890097DFCB /* IconsView.swift in Sources */ = {isa = PBXBuildFile; fileRef = 496EE2C330338C880097DFCB /* IconsView.swift */; };
		496F96E3303301C7002C87F7 /* HomepageViewBK .swift in Sources */ = {isa = PBXBuildFile; fileRef = 496F96E2303301C6002C87F7 /* HomepageViewBK .swift */; };
		496F96E5303301F4002C87F7 /* ColorsView.swift in Sources */ = {isa = PBXBuildFile; fileRef = 496F96E4303301F4002C87F7 /* ColorsView.swift */; };
		49B0F51D303450E8007AAE2E /* ImagesView.swift in Sources */ = {isa = PBXBuildFile; fileRef = 49B0F51C303450E8007AAE2E /* ImagesView.swift */; };
		49B0F51F303454C9007AAE2E /* FrameView.swift in Sources */ = {isa = PBXBuildFile; fileRef = 49B0F51E303454C9007AAE2E /* FrameView.swift */; };
		49D1F8F03023C1790003C1A2 /* Youtube_TutorialsApp.swift in Sources */ = {isa = PBXBuildFile; fileRef = 49D1F8EF3023C1790003C1A2 /* Youtube_TutorialsApp.swift */; };
		49D1F8F23023C1790003C1A2 /* ContentView.swift in Sources */ = {isa = PBXBuildFile; fileRef = 49D1F8F13023C1790003C1A2 /* ContentView.swift */; };
		49D1F8F43023C17D0003C1A2 /* Assets.xcassets in Resources */ = {isa = PBXBuildFile; fileRef = 49D1F8F33023C17D0003C1A2 /* Assets.xcassets */; };
		49D1F8F73023C17D0003C1A2 /* Preview Assets.xcassets in Resources */ = {isa = PBXBuildFile; fileRef = 49D1F8F63023C17D0003C1A2 /* Preview Assets.xcassets */; };
/* End PBXBuildFile section */

/* Begin PBXFileReference section */
		49150E2D30331CF1002F2FD7 /* ColorGradientsView.swift */ = {isa = PBXFileReference; lastKnownFileType = sourcecode.swift; path = ColorGradientsView.swift; sourceTree = "<group>"; };
		4920C48B302CB22500C82A55 /* TextView.swift */ = {isa = PBXFileReference; lastKnownFileType = sourcecode.swift; path = TextView.swift; sourceTree = "<group>"; };
		4920C48D3032E4B900C82A55 /* ShapeView.swift */ = {isa = PBXFileReference; lastKnownFileType = sourcecode.swift; path = ShapeView.swift; sourceTree = "<group>"; };
		496EE2C330338C880097DFCB /* IconsView.swift */ = {isa = PBXFileReference; lastKnownFileType = sourcecode.swift; path = IconsView.swift; sourceTree = "<group>"; };
		496F96E2303301C6002C87F7 /* HomepageViewBK .swift */ = {isa = PBXFileReference; lastKnownFileType = sourcecode.swift; path = "HomepageViewBK .swift"; sourceTree = "<group>"; };
		496F96E4303301F4002C87F7 /* ColorsView.swift */ = {isa = PBXFileReference; lastKnownFileType = sourcecode.swift; path = ColorsView.swift; sourceTree = "<group>"; };
		49B0F51C303450E8007AAE2E /* ImagesView.swift */ = {isa = PBXFileReference; lastKnownFileType = sourcecode.swift; path = ImagesView.swift; sourceTree = "<group>"; };
		49B0F51E303454C9007AAE2E /* FrameView.swift */ = {isa = PBXFileReference; lastKnownFileType = sourcecode.swift; path = FrameView.swift; sourceTree = "<group>"; };
		49D1F8EC3023C1790003C1A2 /* Youtube_Tutorials.app */ = {isa = PBXFileReference; explicitFileType = wrapper.application; includeInIndex = 0; path = Youtube_Tutorials.app; sourceTree = BUILT_PRODUCTS_DIR; };
		49D1F8EF3023C1790003C1A2 /* Youtube_TutorialsApp.swift */ = {isa = PBXFileReference; lastKnownFileType = sourcecode.swift; path = Youtube_TutorialsApp.swift; sourceTree = "<group>"; };
		49D1F8F13023C1790003C1A2 /* ContentView.swift */ = {isa = PBXFileReference; lastKnownFileType = sourcecode.swift; path = ContentView.swift; sourceTree = "<group>"; };
		49D1F8F33023C17D0003C1A2 /* Assets.xcassets */ = {isa = PBXFileReference; lastKnownFileType = folder.assetcatalog; path = Assets.xcassets; sourceTree = "<group>"; };
		49D1F8F63023C17D0003C1A2 /* Preview Assets.xcassets */ = {isa = PBXFileReference; lastKnownFileType = folder.assetcatalog; path = "Preview Assets.xcassets"; sourceTree = "<group>"; };
/* End PBXFileReference section */

/* Begin PBXFrameworksBuildPhase section */
		49D1F8E93023C1790003C1A2 /* Frameworks */ = {
			isa = PBXFrameworksBuildPhase;
			buildActionMask = 2147483647;
			files = (
			);
			runOnlyForDeploymentPostprocessing = 0;
		};
/* End PBXFrameworksBuildPhase section */

/* Begin PBXGroup section */
		49D1F8E33023C1790003C1A2 = {
			isa = PBXGroup;
			children = (
				49D1F8EE3023C1790003C1A2 /* Youtube_Tutorials */,
				49D1F8ED3023C1790003C1A2 /* Products */,
			);
			sourceTree = "<group>";
		};
		49D1F8ED3023C1790003C1A2 /* Products */ = {
			isa = PBXGroup;
			children = (
				49D1F8EC3023C1790003C1A2 /* Youtube_Tutorials.app */,
			);
			name = Products;
			sourceTree = "<group>";
		};
		49D1F8EE3023C1790003C1A2 /* Youtube_Tutorials */ = {
			isa = PBXGroup;
			children = (
				49D1F8EF3023C1790003C1A2 /* Youtube_TutorialsApp.swift */,
				496F96E2303301C6002C87F7 /* HomepageViewBK .swift */,
				49D1F8F13023C1790003C1A2 /* ContentView.swift */,
				4920C48B302CB22500C82A55 /* TextView.swift */,
				4920C48D3032E4B900C82A55 /* ShapeView.swift */,
				496F96E4303301F4002C87F7 /* ColorsView.swift */,
				49150E2D30331CF1002F2FD7 /* ColorGradientsView.swift */,
				496EE2C330338C880097DFCB /* IconsView.swift */,
				49B0F51C303450E8007AAE2E /* ImagesView.swift */,
				49B0F51E303454C9007AAE2E /* FrameView.swift */,
				49D1F8F33023C17D0003C1A2 /* Assets.xcassets */,
				49D1F8F53023C17D0003C1A2 /* Preview Content */,
			);
			path = Youtube_Tutorials;
			sourceTree = "<group>";
		};
		49D1F8F53023C17D0003C1A2 /* Preview Content */ = {
			isa = PBXGroup;
			children = (
				49D1F8F63023C17D0003C1A2 /* Preview Assets.xcassets */,
			);
			path = "Preview Content";
			sourceTree = "<group>";
		};
/* End PBXGroup section */

/* Begin PBXNativeTarget section */
		49D1F8EB3023C1790003C1A2 /* Youtube_Tutorials */ = {
			isa = PBXNativeTarget;
			buildConfigurationList = 49D1F8FA3023C17D0003C1A2 /* Build configuration list for PBXNativeTarget "Youtube_Tutorials" */;
			buildPhases = (
				49D1F8E83023C1790003C1A2 /* Sources */,
				49D1F8E93023C1790003C1A2 /* Frameworks */,
				49D1F8EA3023C1790003C1A2 /* Resources */,
			);
			buildRules = (
			);
			dependencies = (
			);
			name = Youtube_Tutorials;
			productName = Youtube_Tutorials;
			productReference = 49D1F8EC3023C1790003C1A2 /* Youtube_Tutorials.app */;
			productType = "com.apple.product-type.application";
		};
/* End PBXNativeTarget section */

/* Begin PBXProject section */
		49D1F8E43023C1790003C1A2 /* Project object */ = {
			isa = PBXProject;
			attributes = {
				BuildIndependentTargetsInParallel = 1;
				LastSwiftUpdateCheck = 1430;
				LastUpgradeCheck = 1430;
				TargetAttributes = {
					49D1F8EB3023C1790003C1A2 = {
						CreatedOnToolsVersion = 14.3.1;
					};
				};
			};
			buildConfigurationList = 49D1F8E73023C1790003C1A2 /* Build configuration list for PBXProject "Youtube_Tutorials" */;
			compatibilityVersion = "Xcode 14.0";
			developmentRegion = en;
			hasScannedForEncodings = 0;
			knownRegions = (
				en,
				Base,
			);
			mainGroup = 49D1F8E33023C1790003C1A2;
			productRefGroup = 49D1F8ED3023C1790003C1A2 /* Products */;
			projectDirPath = "";
			projectRoot = "";
			targets = (
				49D1F8EB3023C1790003C1A2 /* Youtube_Tutorials */,
			);
		};
/* End PBXProject section */

/* Begin PBXResourcesBuildPhase section */
		49D1F8EA3023C1790003C1A2 /* Resources */ = {
			isa = PBXResourcesBuildPhase;
			buildActionMask = 2147483647;
			files = (
				49D1F8F73023C17D0003C1A2 /* Preview Assets.xcassets in Resources */,
				49D1F8F43023C17D0003C1A2 /* Assets.xcassets in Resources */,
			);
			runOnlyForDeploymentPostprocessing = 0;
		};
/* End PBXResourcesBuildPhase section */

/* Begin PBXSourcesBuildPhase section */
		49D1F8E83023C1790003C1A2 /* Sources */ = {
			isa = PBXSourcesBuildPhase;
			buildActionMask = 2147483647;
			files = (
				49150E2E30331CF1002F2FD7 /* ColorGradientsView.swift in Sources */,
				496EE2C430338C890097DFCB /* IconsView.swift in Sources */,
				49B0F51D303450E8007AAE2E /* ImagesView.swift in Sources */,
				496F96E5303301F4002C87F7 /* ColorsView.swift in Sources */,
				4920C48C302CB22500C82A55 /* TextView.swift in Sources */,
				49D1F8F23023C1790003C1A2 /* ContentView.swift in Sources */,
				496F96E3303301C7002C87F7 /* HomepageViewBK .swift in Sources */,
				4920C48E3032E4B900C82A55 /* ShapeView.swift in Sources */,
				49B0F51F303454C9007AAE2E /* FrameView.swift in Sources */,
				49D1F8F03023C1790003C1A2 /* Youtube_TutorialsApp.swift in Sources */,
			);
			runOnlyForDeploymentPostprocessing = 0;
		};
/* End PBXSourcesBuildPhase section */

/* Begin XCBuildConfiguration section */
		49D1F8F83023C17D0003C1A2 /* Debug */ = {
			isa = XCBuildConfiguration;
			buildSettings = {
				ALWAYS_SEARCH_USER_PATHS = NO;
				CLANG_ANALYZER_NONNULL = YES;
				CLANG_ANALYZER_NUMBER_OBJECT_CONVERSION = YES_AGGRESSIVE;
				CLANG_CXX_LANGUAGE_STANDARD = "gnu++20";
				CLANG_ENABLE_MODULES = YES;
				CLANG_ENABLE_OBJC_ARC = YES;
				CLANG_ENABLE_OBJC_WEAK = YES;
				CLANG_WARN_BLOCK_CAPTURE_AUTORELEASING = YES;
				CLANG_WARN_BOOL_CONVERSION = YES;
				CLANG_WARN_COMMA = YES;
				CLANG_WARN_CONSTANT_CONVERSION = YES;
				CLANG_WARN_DEPRECATED_OBJC_IMPLEMENTATIONS = YES;
				CLANG_WARN_DIRECT_OBJC_ISA_USAGE = YES_ERROR;
				CLANG_WARN_DOCUMENTATION_COMMENTS = YES;
				CLANG_WARN_EMPTY_BODY = YES;
				CLANG_WARN_ENUM_CONVERSION = YES;
				CLANG_WARN_INFINITE_RECURSION = YES;
				CLANG_WARN_INT_CONVERSION = YES;
				CLANG_WARN_NON_LITERAL_NULL_CONVERSION = YES;
				CLANG_WARN_OBJC_IMPLICIT_RETAIN_SELF = YES;
				CLANG_WARN_OBJC_LITERAL_CONVERSION = YES;
				CLANG_WARN_OBJC_ROOT_CLASS = YES_ERROR;
				CLANG_WARN_QUOTED_INCLUDE_IN_FRAMEWORK_HEADER = YES;
				CLANG_WARN_RANGE_LOOP_ANALYSIS = YES;
				CLANG_WARN_STRICT_PROTOTYPES = YES;
				CLANG_WARN_SUSPICIOUS_MOVE = YES;
				CLANG_WARN_UNGUARDED_AVAILABILITY = YES_AGGRESSIVE;
				CLANG_WARN_UNREACHABLE_CODE = YES;
				CLANG_WARN__DUPLICATE_METHOD_MATCH = YES;
				COPY_PHASE_STRIP = NO;
				DEBUG_INFORMATION_FORMAT = dwarf;
				ENABLE_STRICT_OBJC_MSGSEND = YES;
				ENABLE_TESTABILITY = YES;
				GCC_C_LANGUAGE_STANDARD = gnu11;
				GCC_DYNAMIC_NO_PIC = NO;
				GCC_NO_COMMON_BLOCKS = YES;
				GCC_OPTIMIZATION_LEVEL = 0;
				GCC_PREPROCESSOR_DEFINITIONS = (
					"DEBUG=1",
					"$(inherited)",
				);
				GCC_WARN_64_TO_32_BIT_CONVERSION = YES;
				GCC_WARN_ABOUT_RETURN_TYPE = YES_ERROR;
				GCC_WARN_UNDECLARED_SELECTOR = YES;
				GCC_WARN_UNINITIALIZED_AUTOS = YES_AGGRESSIVE;
				GCC_WARN_UNUSED_FUNCTION = YES;
				GCC_WARN_UNUSED_VARIABLE = YES;
				IPHONEOS_DEPLOYMENT_TARGET = 16.4;
				MTL_ENABLE_DEBUG_INFO = INCLUDE_SOURCE;
				MTL_FAST_MATH = YES;
				ONLY_ACTIVE_ARCH = YES;
				SDKROOT = iphoneos;
				SWIFT_ACTIVE_COMPILATION_CONDITIONS = DEBUG;
				SWIFT_OPTIMIZATION_LEVEL = "-Onone";
			};
			name = Debug;
		};
		49D1F8F93023C17D0003C1A2 /* Release */ = {
			isa = XCBuildConfiguration;
			buildSettings = {
				ALWAYS_SEARCH_USER_PATHS = NO;
				CLANG_ANALYZER_NONNULL = YES;
				CLANG_ANALYZER_NUMBER_OBJECT_CONVERSION = YES_AGGRESSIVE;
				CLANG_CXX_LANGUAGE_STANDARD = "gnu++20";
				CLANG_ENABLE_MODULES = YES;
				CLANG_ENABLE_OBJC_ARC = YES;
				CLANG_ENABLE_OBJC_WEAK = YES;
				CLANG_WARN_BLOCK_CAPTURE_AUTORELEASING = YES;
				CLANG_WARN_BOOL_CONVERSION = YES;
				CLANG_WARN_COMMA = YES;
				CLANG_WARN_CONSTANT_CONVERSION = YES;
				CLANG_WARN_DEPRECATED_OBJC_IMPLEMENTATIONS = YES;
				CLANG_WARN_DIRECT_OBJC_ISA_USAGE = YES_ERROR;
				CLANG_WARN_DOCUMENTATION_COMMENTS = YES;
				CLANG_WARN_EMPTY_BODY = YES;
				CLANG_WARN_ENUM_CONVERSION = YES;
				CLANG_WARN_INFINITE_RECURSION = YES;
				CLANG_WARN_INT_CONVERSION = YES;
				CLANG_WARN_NON_LITERAL_NULL_CONVERSION = YES;
				CLANG_WARN_OBJC_IMPLICIT_RETAIN_SELF = YES;
				CLANG_WARN_OBJC_LITERAL_CONVERSION = YES;
				CLANG_WARN_OBJC_ROOT_CLASS = YES_ERROR;
				CLANG_WARN_QUOTED_INCLUDE_IN_FRAMEWORK_HEADER = YES;
				CLANG_WARN_RANGE_LOOP_ANALYSIS = YES;
				CLANG_WARN_STRICT_PROTOTYPES = YES;
				CLANG_WARN_SUSPICIOUS_MOVE = YES;
				CLANG_WARN_UNGUARDED_AVAILABILITY = YES_AGGRESSIVE;
				CLANG_WARN_UNREACHABLE_CODE = YES;
				CLANG_WARN__DUPLICATE_METHOD_MATCH = YES;
				COPY_PHASE_STRIP = NO;
				DEBUG_INFORMATION_FORMAT = "dwarf-with-dsym";
				ENABLE_NS_ASSERTIONS = NO;
				ENABLE_STRICT_OBJC_MSGSEND = YES;
				GCC_C_LANGUAGE_STANDARD = gnu11;
				GCC_NO_COMMON_BLOCKS = YES;
				GCC_WARN_64_TO_32_BIT_CONVERSION = YES;
				GCC_WARN_ABOUT_RETURN_TYPE = YES_ERROR;
				GCC_WARN_UNDECLARED_SELECTOR = YES;
				GCC_WARN_UNINITIALIZED_AUTOS = YES_AGGRESSIVE;
				GCC_WARN_UNUSED_FUNCTION = YES;
				GCC_WARN_UNUSED_VARIABLE = YES;
				IPHONEOS_DEPLOYMENT_TARGET = 16.4;
				MTL_ENABLE_DEBUG_INFO = NO;
				MTL_FAST_MATH = YES;
				SDKROOT = iphoneos;
				SWIFT_COMPILATION_MODE = wholemodule;
				SWIFT_OPTIMIZATION_LEVEL = "-O";
				VALIDATE_PRODUCT = YES;
			};
			name = Release;
		};
		49D1F8FB3023C17D0003C1A2 /* Debug */ = {
			isa = XCBuildConfiguration;
			buildSettings = {
				ASSETCATALOG_COMPILER_APPICON_NAME = AppIcon;
				ASSETCATALOG_COMPILER_GLOBAL_ACCENT_COLOR_NAME = AccentColor;
				CODE_SIGN_STYLE = Automatic;
				CURRENT_PROJECT_VERSION = 1;
				DEVELOPMENT_ASSET_PATHS = "\"Youtube_Tutorials/Preview Content\"";
				ENABLE_PREVIEWS = YES;
				GENERATE_INFOPLIST_FILE = YES;
				INFOPLIST_KEY_CFBundleDisplayName = "Burger King Menu";
				INFOPLIST_KEY_LSApplicationCategoryType = "public.app-category.food-and-drink";
				INFOPLIST_KEY_UIApplicationSceneManifest_Generation = YES;
				INFOPLIST_KEY_UIApplicationSupportsIndirectInputEvents = YES;
				INFOPLIST_KEY_UILaunchScreen_Generation = YES;
				INFOPLIST_KEY_UISupportedInterfaceOrientations_iPad = "UIInterfaceOrientationPortrait UIInterfaceOrientationPortraitUpsideDown UIInterfaceOrientationLandscapeLeft UIInterfaceOrientationLandscapeRight";
				INFOPLIST_KEY_UISupportedInterfaceOrientations_iPhone = "UIInterfaceOrientationPortrait UIInterfaceOrientationLandscapeLeft UIInterfaceOrientationLandscapeRight";
				LD_RUNPATH_SEARCH_PATHS = (
					"$(inherited)",
					"@executable_path/Frameworks",
				);
				MARKETING_VERSION = 1.0;
				PRODUCT_BUNDLE_IDENTIFIER = "BurgerKing.Youtube-Tutorials";
				PRODUCT_NAME = "$(TARGET_NAME)";
				SWIFT_EMIT_LOC_STRINGS = YES;
				SWIFT_VERSION = 5.0;
				TARGETED_DEVICE_FAMILY = "1,2";
			};
			name = Debug;
		};
		49D1F8FC3023C17D0003C1A2 /* Release */ = {
			isa = XCBuildConfiguration;
			buildSettings = {
				ASSETCATALOG_COMPILER_APPICON_NAME = AppIcon;
				ASSETCATALOG_COMPILER_GLOBAL_ACCENT_COLOR_NAME = AccentColor;
				CODE_SIGN_STYLE = Automatic;
				CURRENT_PROJECT_VERSION = 1;
				DEVELOPMENT_ASSET_PATHS = "\"Youtube_Tutorials/Preview Content\"";
				ENABLE_PREVIEWS = YES;
				GENERATE_INFOPLIST_FILE = YES;
				INFOPLIST_KEY_CFBundleDisplayName = "Burger King Menu";
				INFOPLIST_KEY_LSApplicationCategoryType = "public.app-category.food-and-drink";
				INFOPLIST_KEY_UIApplicationSceneManifest_Generation = YES;
				INFOPLIST_KEY_UIApplicationSupportsIndirectInputEvents = YES;
				INFOPLIST_KEY_UILaunchScreen_Generation = YES;
				INFOPLIST_KEY_UISupportedInterfaceOrientations_iPad = "UIInterfaceOrientationPortrait UIInterfaceOrientationPortraitUpsideDown UIInterfaceOrientationLandscapeLeft UIInterfaceOrientationLandscapeRight";
				INFOPLIST_KEY_UISupportedInterfaceOrientations_iPhone = "UIInterfaceOrientationPortrait UIInterfaceOrientationLandscapeLeft UIInterfaceOrientationLandscapeRight";
				LD_RUNPATH_SEARCH_PATHS = (
					"$(inherited)",
					"@executable_path/Frameworks",
				);
				MARKETING_VERSION = 1.0;
				PRODUCT_BUNDLE_IDENTIFIER = "BurgerKing.Youtube-Tutorials";
				PRODUCT_NAME = "$(TARGET_NAME)";
				SWIFT_EMIT_LOC_STRINGS = YES;
				SWIFT_VERSION = 5.0;
				TARGETED_DEVICE_FAMILY = "1,2";
			};
			name = Release;
		};
/* End XCBuildConfiguration section */

/* Begin XCConfigurationList section */
		49D1F8E73023C1790003C1A2 /* Build configuration list for PBXProject "Youtube_Tutorials" */ = {
			isa = XCConfigurationList;
			buildConfigurations = (
				49D1F8F83023C17D0003C1A2 /* Debug */,
				49D1F8F93023C17D0003C1A2 /* Release */,
			);
			defaultConfigurationIsVisible = 0;
			defaultConfigurationName = Release;
		};
		49D1F8FA3023C17D0003C1A2 /* Build configuration list for PBXNativeTarget "Youtube_Tutorials" */ = {
			isa = XCConfigurationList;
			buildConfigurations = (
				49D1F8FB3023C17D0003C1A2 /* Debug */,
				49D1F8FC3023C17D0003C1A2 /* Release */,
			);
			defaultConfigurationIsVisible = 0;
			defaultConfigurationName = Release;
		};
/* End XCConfigurationList section */
	};
	rootObject = 49D1F8E43023C1790003C1A2 /* Project object */;
}
